{
  "version": 2,
  "dependencies": {
    "net10.0": {
      "occtsharp": {
        "type": "Project",
        "dependencies": {
          "OcctSharp.DataExchange": "[8.0.1-preview.11, )",
          "OcctSharp.Documents": "[8.0.1-preview.11, )",
          "OcctSharp.Draw": "[8.0.1-preview.11, )",
          "OcctSharp.Foundation": "[8.0.1-preview.11, )",
          "OcctSharp.Geometry": "[8.0.1-preview.11, )",
          "OcctSharp.IVtk": "[8.0.1-preview.11, )",
          "OcctSharp.Mesh": "[8.0.1-preview.11, )",
          "OcctSharp.MeshData": "[8.0.1-preview.11, )",
          "OcctSharp.Modeling": "[8.0.1-preview.11, )",
          "OcctSharp.Runtime": "[8.0.1-preview.11, )",
          "OcctSharp.Visualization": "[8.0.1-preview.11, )",
          "OcctSharp.Xde": "[8.0.1-preview.11, )"
        }
      },
      "occtsharp.dataexchange": {
        "type": "Project",
        "dependencies": {
          "OcctSharp.Documents": "[8.0.1-preview.11, )",
          "OcctSharp.Foundation": "[8.0.1-preview.11, )",
          "OcctSharp.Geometry": "[8.0.1-preview.11, )",
          "OcctSharp.Mesh": "[8.0.1-preview.11, )",
          "OcctSharp.MeshData": "[8.0.1-preview.11, )",
          "OcctSharp.Modeling": "[8.0.1-preview.11, )",
          "OcctSharp.Runtime": "[8.0.1-preview.11, )",
          "OcctSharp.Visualization": "[8.0.1-preview.11, )"
        }
      },
      "occtsharp.documents": {
        "type": "Project",
        "dependencies": {
          "OcctSharp.Foundation": "[8.0.1-preview.11, )",
          "OcctSharp.Geometry": "[8.0.1-preview.11, )",
          "OcctSharp.MeshData": "[8.0.1-preview.11, )",
          "OcctSharp.Modeling": "[8.0.1-preview.11, )",
          "OcctSharp.Runtime": "[8.0.1-preview.11, )"
        }
      },
      "occtsharp.draw": {
        "type": "Project",
        "dependencies": {
          "OcctSharp.Runtime": "[8.0.1-preview.11, )",
          "OcctSharp.Visualization": "[8.0.1-preview.11, )",
          "OcctSharp.Xde": "[8.0.1-preview.11, )"
        }
      },
      "occtsharp.foundation": {
        "type": "Project",
        "dependencies": {
          "OcctSharp.Runtime": "[8.0.1-preview.11, )"
        }
      },
      "occtsharp.geometry": {
        "type": "Project",
        "dependencies": {
          "OcctSharp.Foundation": "[8.0.1-preview.11, )",
          "OcctSharp.Runtime": "[8.0.1-preview.11, )"
        }
      },
      "occtsharp.ivtk": {
        "type": "Project",
        "dependencies": {
          "OcctSharp.Runtime": "[8.0.1-preview.11, )",
          "OcctSharp.Visualization": "[8.0.1-preview.11, )"
        }
      },
      "occtsharp.mesh": {
        "type": "Project",
        "dependencies": {
          "OcctSharp.Foundation": "[8.0.1-preview.11, )",
          "OcctSharp.Geometry": "[8.0.1-preview.11, )",
          "OcctSharp.MeshData": "[8.0.1-preview.11, )",
          "OcctSharp.Modeling": "[8.0.1-preview.11, )",
          "OcctSharp.Runtime": "[8.0.1-preview.11, )"
        }
      },
      "occtsharp.meshdata": {
        "type": "Project",
        "dependencies": {
          "OcctSharp.Foundation": "[8.0.1-preview.11, )",
          "OcctSharp.Geometry": "[8.0.1-preview.11, )",
          "OcctSharp.Runtime": "[8.0.1-preview.11, )"
        }
      },
      "occtsharp.modeling": {
        "type": "Project",
        "dependencies": {
          "OcctSharp.Foundation": "[8.0.1-preview.11, )",
          "OcctSharp.Geometry": "[8.0.1-preview.11, )",
          "OcctSharp.MeshData": "[8.0.1-preview.11, )",
          "OcctSharp.Runtime": "[8.0.1-preview.11, )"
        }
      },
      "occtsharp.native.win-x64": {
        "type": "Project"
      },
      "occtsharp.runtime": {
        "type": "Project",
        "dependencies": {
          "OcctSharp.Native.win-x64": "[8.0.1-preview.11, )"
        }
      },
      "occtsharp.visualization": {
        "type": "Project",
        "dependencies": {
          "OcctSharp.Documents": "[8.0.1-preview.11, )",
          "OcctSharp.Foundation": "[8.0.1-preview.11, )",
          "OcctSharp.Geometry": "[8.0.1-preview.11, )",
          "OcctSharp.Mesh": "[8.0.1-preview.11, )",
          "OcctSharp.MeshData": "[8.0.1-preview.11, )",
          "OcctSharp.Modeling": "[8.0.1-preview.11, )",
          "OcctSharp.Runtime": "[8.0.1-preview.11, )"
        }
      },
      "occtsharp.xde": {
        "type": "Project",
        "dependencies": {
          "OcctSharp.DataExchange": "[8.0.1-preview.11, )",
          "OcctSharp.Documents": "[8.0.1-preview.11, )",
          "OcctSharp.Foundation": "[8.0.1-preview.11, )",
          "OcctSharp.Geometry": "[8.0.1-preview.11, )",
          "OcctSharp.Mesh": "[8.0.1-preview.11, )",
          "OcctSharp.MeshData": "[8.0.1-preview.11, )",
          "OcctSharp.Modeling": "[8.0.1-preview.11, )",
          "OcctSharp.Runtime": "[8.0.1-preview.11, )",
          "OcctSharp.Visualization": "[8.0.1-preview.11, )"
        }
      }
    },
    "net10.0/win-x64": {}
  }
}