{
  "version": 2,
  "dependencies": {
    "net10.0": {
      "ClangSharp": {
        "type": "Direct",
        "requested": "[21.1.8.4, )",
        "resolved": "21.1.8.4",
        "contentHash": "mAy085Giu/OLyAFFW+BZc/R4xX+/dB6QUHHS38/HvdKt+gunqdWzyy9IwvbHNDjeDcRT+WsB8D1XC8pm45aHAA==",
        "dependencies": {
          "ClangSharp.Interop": "21.1.8.4"
        }
      },
      "libClangSharp": {
        "type": "Direct",
        "requested": "[21.1.8.2, )",
        "resolved": "21.1.8.2",
        "contentHash": "Hh9ZESdTYDZTYvuIStJhgNW3C445TN4GWKRHSHznuo4eZ1g2zFrQiqcMO4pPkg6zKEI/c9lnsfQY6V26H29gGA=="
      },
      "libClangSharp.runtime.win-x64": {
        "type": "Direct",
        "requested": "[21.1.8.2, )",
        "resolved": "21.1.8.2",
        "contentHash": "YEXyB6lpjB4J5X5zEzPDObcXIicFMwLWx1FfBMauoZlHd5meu2kHbZ5B5zJcldhwvJiggey0bzo6D85CjL2hsg=="
      },
      "ClangSharp.Interop": {
        "type": "Transitive",
        "resolved": "21.1.8.4",
        "contentHash": "EPRNDWJ7BDxMAI/cZkJ2CvqzgDjr+dtOmYf+v81z0yOUOCWszvslVTetSQzvcgr6leJ7oCDLqn7QDPTar9Ui/g==",
        "dependencies": {
          "libClang": "21.1.8",
          "libClangSharp": "21.1.8.2"
        }
      },
      "libclang": {
        "type": "Transitive",
        "resolved": "21.1.8",
        "contentHash": "dxAwUIutPYoFubhIBT/jbXbbvyQIggs8RusBBC6BAO2r08I2K6UcCVDTA/g5+Cpwp/FHJFBH0tpPH2rFV+gOsQ=="
      }
    },
    "net10.0/win-x64": {
      "libClangSharp": {
        "type": "Direct",
        "requested": "[21.1.8.2, )",
        "resolved": "21.1.8.2",
        "contentHash": "Hh9ZESdTYDZTYvuIStJhgNW3C445TN4GWKRHSHznuo4eZ1g2zFrQiqcMO4pPkg6zKEI/c9lnsfQY6V26H29gGA==",
        "dependencies": {
          "libClangSharp.runtime.win-x64": "21.1.8.2"
        }
      },
      "libClangSharp.runtime.win-x64": {
        "type": "Direct",
        "requested": "[21.1.8.2, )",
        "resolved": "21.1.8.2",
        "contentHash": "YEXyB6lpjB4J5X5zEzPDObcXIicFMwLWx1FfBMauoZlHd5meu2kHbZ5B5zJcldhwvJiggey0bzo6D85CjL2hsg=="
      },
      "libclang": {
        "type": "Transitive",
        "resolved": "21.1.8",
        "contentHash": "dxAwUIutPYoFubhIBT/jbXbbvyQIggs8RusBBC6BAO2r08I2K6UcCVDTA/g5+Cpwp/FHJFBH0tpPH2rFV+gOsQ==",
        "dependencies": {
          "libclang.runtime.win-x64": "21.1.8"
        }
      },
      "libclang.runtime.win-x64": {
        "type": "Transitive",
        "resolved": "21.1.8",
        "contentHash": "K3s4dtNiVuHYiDAEWYIRZ7W9Acqebx7B7o5ULueErOweq126IqD2SB2cMVWtYrep4xjHpIwq6BOZxv2IsuTTRg=="
      }
    }
  }
}